// !$*UTF8*$!
{
	archiveVersion = 1;
	classes = {
	};
	objectVersion = 46;
	objects = {

/* Begin PBXBuildFile section */
		66141C97185E426F00712C78 /* Foundation.framework in Frameworks */ = {isa = PBXBuildFile; fileRef = 66141C96185E426F00712C78 /* Foundation.framework */; };
		66141C9C185E426F00712C78 /* Artemis_Lib.h in CopyFiles */ = {isa = PBXBuildFile; fileRef = 66141C9B185E426F00712C78 /* Artemis_Lib.h */; };
		66141C9E185E426F00712C78 /* Artemis_Lib.m in Sources */ = {isa = PBXBuildFile; fileRef = 66141C9D185E426F00712C78 /* Artemis_Lib.m */; };
		66141CA5185E426F00712C78 /* XCTest.framework in Frameworks */ = {isa = PBXBuildFile; fileRef = 66141CA4185E426F00712C78 /* XCTest.framework */; };
		66141CA6185E426F00712C78 /* Foundation.framework in Frameworks */ = {isa = PBXBuildFile; fileRef = 66141C96185E426F00712C78 /* Foundation.framework */; };
		66141CA8185E426F00712C78 /* UIKit.framework in Frameworks */ = {isa = PBXBuildFile; fileRef = 66141CA7185E426F00712C78 /* UIKit.framework */; };
		66141CAB185E426F00712C78 /* libArtemis-Lib.a in Frameworks */ = {isa = PBXBuildFile; fileRef = 66141C93185E426F00712C78 /* libArtemis-Lib.a */; };
		66141CB1185E426F00712C78 /* InfoPlist.strings in Resources */ = {isa = PBXBuildFile; fileRef = 66141CAF185E426F00712C78 /* InfoPlist.strings */; };
		66141CB3185E426F00712C78 /* Artemis_LibTests.m in Sources */ = {isa = PBXBuildFile; fileRef = 66141CB2185E426F00712C78 /* Artemis_LibTests.m */; };
		66141CD6185E429600712C78 /* ArtemisAspect.m in Sources */ = {isa = PBXBuildFile; fileRef = 66141CBE185E429600712C78 /* ArtemisAspect.m */; };
		66141CD7185E429600712C78 /* ArtemisBag.m in Sources */ = {isa = PBXBuildFile; fileRef = 66141CC0185E429600712C78 /* ArtemisBag.m */; };
		66141CD8185E429600712C78 /* ArtemisBitSet.m in Sources */ = {isa = PBXBuildFile; fileRef = 66141CC2185E429600712C78 /* ArtemisBitSet.m */; };
		66141CD9185E429600712C78 /* ArtemisComponent.m in Sources */ = {isa = PBXBuildFile; fileRef = 66141CC4185E429600712C78 /* ArtemisComponent.m */; };
		66141CDA185E429600712C78 /* ArtemisComponentManager.m in Sources */ = {isa = PBXBuildFile; fileRef = 66141CC6185E429600712C78 /* ArtemisComponentManager.m */; };
		66141CDB185E429600712C78 /* ArtemisComponentType.m in Sources */ = {isa = PBXBuildFile; fileRef = 66141CC8185E429600712C78 /* ArtemisComponentType.m */; };
		66141CDC185E429600712C78 /* ArtemisEntity.m in Sources */ = {isa = PBXBuildFile; fileRef = 66141CCA185E429600712C78 /* ArtemisEntity.m */; };
		66141CDD185E429600712C78 /* ArtemisEntityManager.m in Sources */ = {isa = PBXBuildFile; fileRef = 66141CCC185E429600712C78 /* ArtemisEntityManager.m */; };
		66141CDF185E429600712C78 /* ArtemisEntitySystem.m in Sources */ = {isa = PBXBuildFile; fileRef = 66141CD0185E429600712C78 /* ArtemisEntitySystem.m */; };
		66141CE0185E429600712C78 /* ArtemisManager.m in Sources */ = {isa = PBXBuildFile; fileRef = 66141CD3185E429600712C78 /* ArtemisManager.m */; };
		66141CE1185E429600712C78 /* ArtemisWorld.m in Sources */ = {isa = PBXBuildFile; fileRef = 66141CD5185E429600712C78 /* ArtemisWorld.m */; };
		66141CE7185E58E600712C78 /* Position.m in Sources */ = {isa = PBXBuildFile; fileRef = 66141CE6185E58E600712C78 /* Position.m */; };
		66141CEA185E5AE300712C78 /* ArtemisComponentMapper.m in Sources */ = {isa = PBXBuildFile; fileRef = 66141CE9185E5AE300712C78 /* ArtemisComponentMapper.m */; };
		66141CED185E681E00712C78 /* ArtemisHelloWorld.m in Sources */ = {isa = PBXBuildFile; fileRef = 66141CEC185E681E00712C78 /* ArtemisHelloWorld.m */; };
		66141CF1185E69FF00712C78 /* ArtemisEntityProcessingSystem.m in Sources */ = {isa = PBXBuildFile; fileRef = 66141CF0185E69FF00712C78 /* ArtemisEntityProcessingSystem.m */; };
		66141CF4185E6BBA00712C78 /* MovementSystem.m in Sources */ = {isa = PBXBuildFile; fileRef = 66141CF3185E6BBA00712C78 /* MovementSystem.m */; };
		66141CF7185E6CA800712C78 /* Velocity.m in Sources */ = {isa = PBXBuildFile; fileRef = 66141CF6185E6CA800712C78 /* Velocity.m */; };
		66141CFC185E710400712C78 /* XCTAsyncTestCase.m in Sources */ = {isa = PBXBuildFile; fileRef = 66141CFA185E710400712C78 /* XCTAsyncTestCase.m */; };
		6631F154186F19E600C6E1AC /* ArtemisAspect.h in Headers */ = {isa = PBXBuildFile; fileRef = 66141CBD185E429600712C78 /* ArtemisAspect.h */; settings = {ATTRIBUTES = (Public, ); }; };
		6631F155186F19E600C6E1AC /* ArtemisBag.h in Headers */ = {isa = PBXBuildFile; fileRef = 66141CBF185E429600712C78 /* ArtemisBag.h */; settings = {ATTRIBUTES = (Public, ); }; };
		6631F156186F19E600C6E1AC /* ArtemisBitSet.h in Headers */ = {isa = PBXBuildFile; fileRef = 66141CC1185E429600712C78 /* ArtemisBitSet.h */; settings = {ATTRIBUTES = (Public, ); }; };
		6631F157186F19E600C6E1AC /* ArtemisComponent.h in Headers */ = {isa = PBXBuildFile; fileRef = 66141CC3185E429600712C78 /* ArtemisComponent.h */; settings = {ATTRIBUTES = (Public, ); }; };
		6631F158186F19E600C6E1AC /* ArtemisComponentManager.h in Headers */ = {isa = PBXBuildFile; fileRef = 66141CC5185E429600712C78 /* ArtemisComponentManager.h */; settings = {ATTRIBUTES = (Public, ); }; };
		6631F159186F19E600C6E1AC /* ArtemisComponentType.h in Headers */ = {isa = PBXBuildFile; fileRef = 66141CC7185E429600712C78 /* ArtemisComponentType.h */; settings = {ATTRIBUTES = (Public, ); }; };
		6631F15A186F19E600C6E1AC /* ArtemisComponentMapper.h in Headers */ = {isa = PBXBuildFile; fileRef = 66141CE8185E5AE300712C78 /* ArtemisComponentMapper.h */; settings = {ATTRIBUTES = (Public, ); }; };
		6631F15B186F19E600C6E1AC /* ArtemisEntity.h in Headers */ = {isa = PBXBuildFile; fileRef = 66141CC9185E429600712C78 /* ArtemisEntity.h */; settings = {ATTRIBUTES = (Public, ); }; };
		6631F15C186F19E600C6E1AC /* ArtemisEntityManager.h in Headers */ = {isa = PBXBuildFile; fileRef = 66141CCB185E429600712C78 /* ArtemisEntityManager.h */; settings = {ATTRIBUTES = (Public, ); }; };
		6631F15D186F19E600C6E1AC /* ArtemisEntityObserver.h in Headers */ = {isa = PBXBuildFile; fileRef = 66141CCD185E429600712C78 /* ArtemisEntityObserver.h */; settings = {ATTRIBUTES = (Public, ); }; };
		6631F15E186F19E600C6E1AC /* ArtemisEntitySystem.h in Headers */ = {isa = PBXBuildFile; fileRef = 66141CCF185E429600712C78 /* ArtemisEntitySystem.h */; settings = {ATTRIBUTES = (Public, ); }; };
		6631F15F186F19E600C6E1AC /* ArtemisImmutableBag.h in Headers */ = {isa = PBXBuildFile; fileRef = 66141CD1185E429600712C78 /* ArtemisImmutableBag.h */; settings = {ATTRIBUTES = (Public, ); }; };
		6631F160186F19E600C6E1AC /* ArtemisManager.h in Headers */ = {isa = PBXBuildFile; fileRef = 66141CD2185E429600712C78 /* ArtemisManager.h */; settings = {ATTRIBUTES = (Public, ); }; };
		6631F161186F19E600C6E1AC /* ArtemisWorld.h in Headers */ = {isa = PBXBuildFile; fileRef = 66141CD4185E429600712C78 /* ArtemisWorld.h */; settings = {ATTRIBUTES = (Public, ); }; };
		6631F162186F1A0F00C6E1AC /* ArtemisEntityProcessingSystem.h in Headers */ = {isa = PBXBuildFile; fileRef = 66141CEF185E69FF00712C78 /* ArtemisEntityProcessingSystem.h */; settings = {ATTRIBUTES = (Public, ); }; };
		6631F164186F1A2000C6E1AC /* ArtemisWorld_Debug.h in Headers */ = {isa = PBXBuildFile; fileRef = 66141CF9185E6DEB00712C78 /* ArtemisWorld_Debug.h */; settings = {ATTRIBUTES = (Public, ); }; };
/* End PBXBuildFile section */

/* Begin PBXContainerItemProxy section */
		66141CA9185E426F00712C78 /* PBXContainerItemProxy */ = {
			isa = PBXContainerItemProxy;
			containerPortal = 66141C8B185E426F00712C78 /* Project object */;
			proxyType = 1;
			remoteGlobalIDString = 66141C92185E426F00712C78;
			remoteInfo = "Artemis-Lib";
		};
/* End PBXContainerItemProxy section */

/* Begin PBXCopyFilesBuildPhase section */
		66141C91185E426F00712C78 /* CopyFiles */ = {
			isa = PBXCopyFilesBuildPhase;
			buildActionMask = 2147483647;
			dstPath = "include/$(PRODUCT_NAME)";
			dstSubfolderSpec = 16;
			files = (
				66141C9C185E426F00712C78 /* Artemis_Lib.h in CopyFiles */,
			);
			runOnlyForDeploymentPostprocessing = 0;
		};
/* End PBXCopyFilesBuildPhase section */

/* Begin PBXFileReference section */
		66141C93185E426F00712C78 /* libArtemis-Lib.a */ = {isa = PBXFileReference; explicitFileType = archive.ar; includeInIndex = 0; path = "libArtemis-Lib.a"; sourceTree = BUILT_PRODUCTS_DIR; };
		66141C96185E426F00712C78 /* Foundation.framework */ = {isa = PBXFileReference; lastKnownFileType = wrapper.framework; name = Foundation.framework; path = System/Library/Frameworks/Foundation.framework; sourceTree = SDKROOT; };
		66141C9A185E426F00712C78 /* Artemis-Lib-Prefix.pch */ = {isa = PBXFileReference; lastKnownFileType = sourcecode.c.h; path = "Artemis-Lib-Prefix.pch"; sourceTree = "<group>"; };
		66141C9B185E426F00712C78 /* Artemis_Lib.h */ = {isa = PBXFileReference; lastKnownFileType = sourcecode.c.h; path = Artemis_Lib.h; sourceTree = "<group>"; };
		66141C9D185E426F00712C78 /* Artemis_Lib.m */ = {isa = PBXFileReference; lastKnownFileType = sourcecode.c.objc; path = Artemis_Lib.m; sourceTree = "<group>"; };
		66141CA3185E426F00712C78 /* Artemis-LibTests.xctest */ = {isa = PBXFileReference; explicitFileType = wrapper.cfbundle; includeInIndex = 0; path = "Artemis-LibTests.xctest"; sourceTree = BUILT_PRODUCTS_DIR; };
		66141CA4185E426F00712C78 /* XCTest.framework */ = {isa = PBXFileReference; lastKnownFileType = wrapper.framework; name = XCTest.framework; path = Library/Frameworks/XCTest.framework; sourceTree = DEVELOPER_DIR; };
		66141CA7185E426F00712C78 /* UIKit.framework */ = {isa = PBXFileReference; lastKnownFileType = wrapper.framework; name = UIKit.framework; path = Library/Frameworks/UIKit.framework; sourceTree = DEVELOPER_DIR; };
		66141CAE185E426F00712C78 /* Artemis-LibTests-Info.plist */ = {isa = PBXFileReference; lastKnownFileType = text.plist.xml; path = "Artemis-LibTests-Info.plist"; sourceTree = "<group>"; };
		66141CB0185E426F00712C78 /* en */ = {isa = PBXFileReference; lastKnownFileType = text.plist.strings; name = en; path = en.lproj/InfoPlist.strings; sourceTree = "<group>"; };
		66141CB2185E426F00712C78 /* Artemis_LibTests.m */ = {isa = PBXFileReference; lastKnownFileType = sourcecode.c.objc; path = Artemis_LibTests.m; sourceTree = "<group>"; };
		66141CBD185E429600712C78 /* ArtemisAspect.h */ = {isa = PBXFileReference; fileEncoding = 4; lastKnownFileType = sourcecode.c.h; path = ArtemisAspect.h; sourceTree = "<group>"; };
		66141CBE185E429600712C78 /* ArtemisAspect.m */ = {isa = PBXFileReference; fileEncoding = 4; lastKnownFileType = sourcecode.c.objc; path = ArtemisAspect.m; sourceTree = "<group>"; };
		66141CBF185E429600712C78 /* ArtemisBag.h */ = {isa = PBXFileReference; fileEncoding = 4; lastKnownFileType = sourcecode.c.h; path = ArtemisBag.h; sourceTree = "<group>"; };
		66141CC0185E429600712C78 /* ArtemisBag.m */ = {isa = PBXFileReference; fileEncoding = 4; lastKnownFileType = sourcecode.c.objc; path = ArtemisBag.m; sourceTree = "<group>"; };
		66141CC1185E429600712C78 /* ArtemisBitSet.h */ = {isa = PBXFileReference; fileEncoding = 4; lastKnownFileType = sourcecode.c.h; path = ArtemisBitSet.h; sourceTree = "<group>"; };
		66141CC2185E429600712C78 /* ArtemisBitSet.m */ = {isa = PBXFileReference; fileEncoding = 4; lastKnownFileType = sourcecode.c.objc; path = ArtemisBitSet.m; sourceTree = "<group>"; };
		66141CC3185E429600712C78 /* ArtemisComponent.h */ = {isa = PBXFileReference; fileEncoding = 4; lastKnownFileType = sourcecode.c.h; path = ArtemisComponent.h; sourceTree = "<group>"; };
		66141CC4185E429600712C78 /* ArtemisComponent.m */ = {isa = PBXFileReference; fileEncoding = 4; lastKnownFileType = sourcecode.c.objc; path = ArtemisComponent.m; sourceTree = "<group>"; };
		66141CC5185E429600712C78 /* ArtemisComponentManager.h */ = {isa = PBXFileReference; fileEncoding = 4; lastKnownFileType = sourcecode.c.h; path = ArtemisComponentManager.h; sourceTree = "<group>"; };
		66141CC6185E429600712C78 /* ArtemisComponentManager.m */ = {isa = PBXFileReference; fileEncoding = 4; lastKnownFileType = sourcecode.c.objc; path = ArtemisComponentManager.m; sourceTree = "<group>"; };
		66141CC7185E429600712C78 /* ArtemisComponentType.h */ = {isa = PBXFileReference; fileEncoding = 4; lastKnownFileType = sourcecode.c.h; path = ArtemisComponentType.h; sourceTree = "<group>"; };
		66141CC8185E429600712C78 /* ArtemisComponentType.m */ = {isa = PBXFileReference; fileEncoding = 4; lastKnownFileType = sourcecode.c.objc; path = ArtemisComponentType.m; sourceTree = "<group>"; };
		66141CC9185E429600712C78 /* ArtemisEntity.h */ = {isa = PBXFileReference; fileEncoding = 4; lastKnownFileType = sourcecode.c.h; path = ArtemisEntity.h; sourceTree = "<group>"; };
		66141CCA185E429600712C78 /* ArtemisEntity.m */ = {isa = PBXFileReference; fileEncoding = 4; lastKnownFileType = sourcecode.c.objc; path = ArtemisEntity.m; sourceTree = "<group>"; };
		66141CCB185E429600712C78 /* ArtemisEntityManager.h */ = {isa = PBXFileReference; fileEncoding = 4; lastKnownFileType = sourcecode.c.h; path = ArtemisEntityManager.h; sourceTree = "<group>"; };
		66141CCC185E429600712C78 /* ArtemisEntityManager.m */ = {isa = PBXFileReference; fileEncoding = 4; lastKnownFileType = sourcecode.c.objc; path = ArtemisEntityManager.m; sourceTree = "<group>"; };
		66141CCD185E429600712C78 /* ArtemisEntityObserver.h */ = {isa = PBXFileReference; fileEncoding = 4; lastKnownFileType = sourcecode.c.h; path = ArtemisEntityObserver.h; sourceTree = "<group>"; };
		66141CCF185E429600712C78 /* ArtemisEntitySystem.h */ = {isa = PBXFileReference; fileEncoding = 4; lastKnownFileType = sourcecode.c.h; path = ArtemisEntitySystem.h; sourceTree = "<group>"; };
		66141CD0185E429600712C78 /* ArtemisEntitySystem.m */ = {isa = PBXFileReference; fileEncoding = 4; lastKnownFileType = sourcecode.c.objc; path = ArtemisEntitySystem.m; sourceTree = "<group>"; };
		66141CD1185E429600712C78 /* ArtemisImmutableBag.h */ = {isa = PBXFileReference; fileEncoding = 4; lastKnownFileType = sourcecode.c.h; path = ArtemisImmutableBag.h; sourceTree = "<group>"; };
		66141CD2185E429600712C78 /* ArtemisManager.h */ = {isa = PBXFileReference; fileEncoding = 4; lastKnownFileType = sourcecode.c.h; path = ArtemisManager.h; sourceTree = "<group>"; };
		66141CD3185E429600712C78 /* ArtemisManager.m */ = {isa = PBXFileReference; fileEncoding = 4; lastKnownFileType = sourcecode.c.objc; path = ArtemisManager.m; sourceTree = "<group>"; };
		66141CD4185E429600712C78 /* ArtemisWorld.h */ = {isa = PBXFileReference; fileEncoding = 4; lastKnownFileType = sourcecode.c.h; path = ArtemisWorld.h; sourceTree = "<group>"; };
		66141CD5185E429600712C78 /* ArtemisWorld.m */ = {isa = PBXFileReference; fileEncoding = 4; lastKnownFileType = sourcecode.c.objc; path = ArtemisWorld.m; sourceTree = "<group>"; };
		66141CE5185E58E600712C78 /* Position.h */ = {isa = PBXFileReference; fileEncoding = 4; lastKnownFileType = sourcecode.c.h; path = Position.h; sourceTree = "<group>"; };
		66141CE6185E58E600712C78 /* Position.m */ = {isa = PBXFileReference; fileEncoding = 4; lastKnownFileType = sourcecode.c.objc; path = Position.m; sourceTree = "<group>"; };
		66141CE8185E5AE300712C78 /* ArtemisComponentMapper.h */ = {isa = PBXFileReference; fileEncoding = 4; lastKnownFileType = sourcecode.c.h; path = ArtemisComponentMapper.h; sourceTree = "<group>"; };
		66141CE9185E5AE300712C78 /* ArtemisComponentMapper.m */ = {isa = PBXFileReference; fileEncoding = 4; lastKnownFileType = sourcecode.c.objc; path = ArtemisComponentMapper.m; sourceTree = "<group>"; };
		66141CEB185E681E00712C78 /* ArtemisHelloWorld.h */ = {isa = PBXFileReference; fileEncoding = 4; lastKnownFileType = sourcecode.c.h; path = ArtemisHelloWorld.h; sourceTree = "<group>"; };
		66141CEC185E681E00712C78 /* ArtemisHelloWorld.m */ = {isa = PBXFileReference; fileEncoding = 4; lastKnownFileType = sourcecode.c.objc; path = ArtemisHelloWorld.m; sourceTree = "<group>"; };
		66141CEF185E69FF00712C78 /* ArtemisEntityProcessingSystem.h */ = {isa = PBXFileReference; fileEncoding = 4; lastKnownFileType = sourcecode.c.h; path = ArtemisEntityProcessingSystem.h; sourceTree = "<group>"; };
		66141CF0185E69FF00712C78 /* ArtemisEntityProcessingSystem.m */ = {isa = PBXFileReference; fileEncoding = 4; lastKnownFileType = sourcecode.c.objc; path = ArtemisEntityProcessingSystem.m; sourceTree = "<group>"; };
		66141CF2185E6BBA00712C78 /* MovementSystem.h */ = {isa = PBXFileReference; fileEncoding = 4; lastKnownFileType = sourcecode.c.h; path = MovementSystem.h; sourceTree = "<group>"; };
		66141CF3185E6BBA00712C78 /* MovementSystem.m */ = {isa = PBXFileReference; fileEncoding = 4; lastKnownFileType = sourcecode.c.objc; path = MovementSystem.m; sourceTree = "<group>"; };
		66141CF5185E6CA800712C78 /* Velocity.h */ = {isa = PBXFileReference; fileEncoding = 4; lastKnownFileType = sourcecode.c.h; path = Velocity.h; sourceTree = "<group>"; };
		66141CF6185E6CA800712C78 /* Velocity.m */ = {isa = PBXFileReference; fileEncoding = 4; lastKnownFileType = sourcecode.c.objc; path = Velocity.m; sourceTree = "<group>"; };
		66141CF9185E6DEB00712C78 /* ArtemisWorld_Debug.h */ = {isa = PBXFileReference; fileEncoding = 4; lastKnownFileType = sourcecode.c.h; path = ArtemisWorld_Debug.h; sourceTree = "<group>"; };
		66141CFA185E710400712C78 /* XCTAsyncTestCase.m */ = {isa = PBXFileReference; fileEncoding = 4; lastKnownFileType = sourcecode.c.objc; path = XCTAsyncTestCase.m; sourceTree = "<group>"; };
		66141CFB185E710400712C78 /* XCTAsyncTestCase.h */ = {isa = PBXFileReference; fileEncoding = 4; lastKnownFileType = sourcecode.c.h; path = XCTAsyncTestCase.h; sourceTree = "<group>"; };
/* End PBXFileReference section */

/* Begin PBXFrameworksBuildPhase section */
		66141C90185E426F00712C78 /* Frameworks */ = {
			isa = PBXFrameworksBuildPhase;
			buildActionMask = 2147483647;
			files = (
				66141C97185E426F00712C78 /* Foundation.framework in Frameworks */,
			);
			runOnlyForDeploymentPostprocessing = 0;
		};
		66141CA0185E426F00712C78 /* Frameworks */ = {
			isa = PBXFrameworksBuildPhase;
			buildActionMask = 2147483647;
			files = (
				66141CA5185E426F00712C78 /* XCTest.framework in Frameworks */,
				66141CA8185E426F00712C78 /* UIKit.framework in Frameworks */,
				66141CA6185E426F00712C78 /* Foundation.framework in Frameworks */,
				66141CAB185E426F00712C78 /* libArtemis-Lib.a in Frameworks */,
			);
			runOnlyForDeploymentPostprocessing = 0;
		};
/* End PBXFrameworksBuildPhase section */

/* Begin PBXGroup section */
		66141C8A185E426F00712C78 = {
			isa = PBXGroup;
			children = (
				66141C98185E426F00712C78 /* Artemis-Lib */,
				66141CAC185E426F00712C78 /* Artemis-LibTests */,
				66141C95185E426F00712C78 /* Frameworks */,
				66141C94185E426F00712C78 /* Products */,
			);
			sourceTree = "<group>";
		};
		66141C94185E426F00712C78 /* Products */ = {
			isa = PBXGroup;
			children = (
				66141C93185E426F00712C78 /* libArtemis-Lib.a */,
				66141CA3185E426F00712C78 /* Artemis-LibTests.xctest */,
			);
			name = Products;
			sourceTree = "<group>";
		};
		66141C95185E426F00712C78 /* Frameworks */ = {
			isa = PBXGroup;
			children = (
				66141C96185E426F00712C78 /* Foundation.framework */,
				66141CA4185E426F00712C78 /* XCTest.framework */,
				66141CA7185E426F00712C78 /* UIKit.framework */,
			);
			name = Frameworks;
			sourceTree = "<group>";
		};
		66141C98185E426F00712C78 /* Artemis-Lib */ = {
			isa = PBXGroup;
			children = (
				66141C9B185E426F00712C78 /* Artemis_Lib.h */,
				66141C9D185E426F00712C78 /* Artemis_Lib.m */,
				66141CBC185E428C00712C78 /* Classes */,
				66141CE2185E58C100712C78 /* Examples */,
				66141C99185E426F00712C78 /* Supporting Files */,
			);
			path = "Artemis-Lib";
			sourceTree = "<group>";
		};
		66141C99185E426F00712C78 /* Supporting Files */ = {
			isa = PBXGroup;
			children = (
				66141C9A185E426F00712C78 /* Artemis-Lib-Prefix.pch */,
			);
			name = "Supporting Files";
			sourceTree = "<group>";
		};
		66141CAC185E426F00712C78 /* Artemis-LibTests */ = {
			isa = PBXGroup;
			children = (
				66141CFA185E710400712C78 /* XCTAsyncTestCase.m */,
				66141CFB185E710400712C78 /* XCTAsyncTestCase.h */,
				66141CEB185E681E00712C78 /* ArtemisHelloWorld.h */,
				66141CEC185E681E00712C78 /* ArtemisHelloWorld.m */,
				66141CB2185E426F00712C78 /* Artemis_LibTests.m */,
				66141CAD185E426F00712C78 /* Supporting Files */,
			);
			path = "Artemis-LibTests";
			sourceTree = "<group>";
		};
		66141CAD185E426F00712C78 /* Supporting Files */ = {
			isa = PBXGroup;
			children = (
				66141CAE185E426F00712C78 /* Artemis-LibTests-Info.plist */,
				66141CAF185E426F00712C78 /* InfoPlist.strings */,
			);
			name = "Supporting Files";
			sourceTree = "<group>";
		};
		66141CBC185E428C00712C78 /* Classes */ = {
			isa = PBXGroup;
			children = (
				66141CF8185E6DD300712C78 /* ObjectiveC Extensions */,
				66141CEE185E69F000712C78 /* systems */,
				66141CBD185E429600712C78 /* ArtemisAspect.h */,
				66141CBE185E429600712C78 /* ArtemisAspect.m */,
				66141CBF185E429600712C78 /* ArtemisBag.h */,
				66141CC0185E429600712C78 /* ArtemisBag.m */,
				66141CC1185E429600712C78 /* ArtemisBitSet.h */,
				66141CC2185E429600712C78 /* ArtemisBitSet.m */,
				66141CC3185E429600712C78 /* ArtemisComponent.h */,
				66141CC4185E429600712C78 /* ArtemisComponent.m */,
				66141CC5185E429600712C78 /* ArtemisComponentManager.h */,
				66141CC6185E429600712C78 /* ArtemisComponentManager.m */,
				66141CC7185E429600712C78 /* ArtemisComponentType.h */,
				66141CC8185E429600712C78 /* ArtemisComponentType.m */,
				66141CE8185E5AE300712C78 /* ArtemisComponentMapper.h */,
				66141CE9185E5AE300712C78 /* ArtemisComponentMapper.m */,
				66141CC9185E429600712C78 /* ArtemisEntity.h */,
				66141CCA185E429600712C78 /* ArtemisEntity.m */,
				66141CCB185E429600712C78 /* ArtemisEntityManager.h */,
				66141CCC185E429600712C78 /* ArtemisEntityManager.m */,
				66141CCD185E429600712C78 /* ArtemisEntityObserver.h */,
				66141CCF185E429600712C78 /* ArtemisEntitySystem.h */,
				66141CD0185E429600712C78 /* ArtemisEntitySystem.m */,
				66141CD1185E429600712C78 /* ArtemisImmutableBag.h */,
				66141CD2185E429600712C78 /* ArtemisManager.h */,
				66141CD3185E429600712C78 /* ArtemisManager.m */,
				66141CD4185E429600712C78 /* ArtemisWorld.h */,
				66141CD5185E429600712C78 /* ArtemisWorld.m */,
			);
			path = Classes;
			sourceTree = "<group>";
		};
		66141CE2185E58C100712C78 /* Examples */ = {
			isa = PBXGroup;
			children = (
				66141CE3185E58D400712C78 /* Components */,
				66141CE4185E58D400712C78 /* Systems */,
			);
			path = Examples;
			sourceTree = "<group>";
		};
		66141CE3185E58D400712C78 /* Components */ = {
			isa = PBXGroup;
			children = (
				66141CE5185E58E600712C78 /* Position.h */,
				66141CE6185E58E600712C78 /* Position.m */,
				66141CF5185E6CA800712C78 /* Velocity.h */,
				66141CF6185E6CA800712C78 /* Velocity.m */,
			);
			path = Components;
			sourceTree = "<group>";
		};
		66141CE4185E58D400712C78 /* Systems */ = {
			isa = PBXGroup;
			children = (
				66141CF2185E6BBA00712C78 /* MovementSystem.h */,
				66141CF3185E6BBA00712C78 /* MovementSystem.m */,
			);
			path = Systems;
			sourceTree = "<group>";
		};
		66141CEE185E69F000712C78 /* systems */ = {
			isa = PBXGroup;
			children = (
				66141CEF185E69FF00712C78 /* ArtemisEntityProcessingSystem.h */,
				66141CF0185E69FF00712C78 /* ArtemisEntityProcessingSystem.m */,
			);
			path = systems;
			sourceTree = "<group>";
		};
		66141CF8185E6DD300712C78 /* ObjectiveC Extensions */ = {
			isa = PBXGroup;
			children = (
				66141CF9185E6DEB00712C78 /* ArtemisWorld_Debug.h */,
			);
			path = "ObjectiveC Extensions";
			sourceTree = "<group>";
		};
/* End PBXGroup section */

/* Begin PBXHeadersBuildPhase section */
		6631F153186F19C200C6E1AC /* Headers */ = {
			isa = PBXHeadersBuildPhase;
			buildActionMask = 2147483647;
			files = (
				6631F157186F19E600C6E1AC /* ArtemisComponent.h in Headers */,
				6631F161186F19E600C6E1AC /* ArtemisWorld.h in Headers */,
				6631F160186F19E600C6E1AC /* ArtemisManager.h in Headers */,
				6631F15D186F19E600C6E1AC /* ArtemisEntityObserver.h in Headers */,
				6631F154186F19E600C6E1AC /* ArtemisAspect.h in Headers */,
				6631F159186F19E600C6E1AC /* ArtemisComponentType.h in Headers */,
				6631F15A186F19E600C6E1AC /* ArtemisComponentMapper.h in Headers */,
				6631F15C186F19E600C6E1AC /* ArtemisEntityManager.h in Headers */,
				6631F15F186F19E600C6E1AC /* ArtemisImmutableBag.h in Headers */,
				6631F155186F19E600C6E1AC /* ArtemisBag.h in Headers */,
				6631F156186F19E600C6E1AC /* ArtemisBitSet.h in Headers */,
				6631F158186F19E600C6E1AC /* ArtemisComponentManager.h in Headers */,
				6631F162186F1A0F00C6E1AC /* ArtemisEntityProcessingSystem.h in Headers */,
				6631F164186F1A2000C6E1AC /* ArtemisWorld_Debug.h in Headers */,
				6631F15B186F19E600C6E1AC /* ArtemisEntity.h in Headers */,
				6631F15E186F19E600C6E1AC /* ArtemisEntitySystem.h in Headers */,
			);
			runOnlyForDeploymentPostprocessing = 0;
		};
/* End PBXHeadersBuildPhase section */

/* Begin PBXNativeTarget section */
		66141C92185E426F00712C78 /* Artemis-Lib */ = {
			isa = PBXNativeTarget;
			buildConfigurationList = 66141CB6185E426F00712C78 /* Build configuration list for PBXNativeTarget "Artemis-Lib" */;
			buildPhases = (
				66141C8F185E426F00712C78 /* Sources */,
				66141C90185E426F00712C78 /* Frameworks */,
				66141C91185E426F00712C78 /* CopyFiles */,
				6631F153186F19C200C6E1AC /* Headers */,
				6631F152186F18ED00C6E1AC /* ShellScript */,
			);
			buildRules = (
			);
			dependencies = (
			);
			name = "Artemis-Lib";
			productName = "Artemis-Lib";
			productReference = 66141C93185E426F00712C78 /* libArtemis-Lib.a */;
			productType = "com.apple.product-type.library.static";
		};
		66141CA2185E426F00712C78 /* Artemis-LibTests */ = {
			isa = PBXNativeTarget;
			buildConfigurationList = 66141CB9185E426F00712C78 /* Build configuration list for PBXNativeTarget "Artemis-LibTests" */;
			buildPhases = (
				66141C9F185E426F00712C78 /* Sources */,
				66141CA0185E426F00712C78 /* Frameworks */,
				66141CA1185E426F00712C78 /* Resources */,
			);
			buildRules = (
			);
			dependencies = (
				66141CAA185E426F00712C78 /* PBXTargetDependency */,
			);
			name = "Artemis-LibTests";
			productName = "Artemis-LibTests";
			productReference = 66141CA3185E426F00712C78 /* Artemis-LibTests.xctest */;
			productType = "com.apple.product-type.bundle.unit-test";
		};
/* End PBXNativeTarget section */

/* Begin PBXProject section */
		66141C8B185E426F00712C78 /* Project object */ = {
			isa = PBXProject;
			attributes = {
				LastUpgradeCheck = 0500;
				ORGANIZATIONNAME = n/a;
			};
			buildConfigurationList = 66141C8E185E426F00712C78 /* Build configuration list for PBXProject "Artemis-Lib" */;
			compatibilityVersion = "Xcode 3.2";
			developmentRegion = English;
			hasScannedForEncodings = 0;
			knownRegions = (
				en,
			);
			mainGroup = 66141C8A185E426F00712C78;
			productRefGroup = 66141C94185E426F00712C78 /* Products */;
			projectDirPath = "";
			projectRoot = "";
			targets = (
				66141C92185E426F00712C78 /* Artemis-Lib */,
				66141CA2185E426F00712C78 /* Artemis-LibTests */,
			);
		};
/* End PBXProject section */

/* Begin PBXResourcesBuildPhase section */
		66141CA1185E426F00712C78 /* Resources */ = {
			isa = PBXResourcesBuildPhase;
			buildActionMask = 2147483647;
			files = (
				66141CB1185E426F00712C78 /* InfoPlist.strings in Resources */,
			);
			runOnlyForDeploymentPostprocessing = 0;
		};
/* End PBXResourcesBuildPhase section */

/* Begin PBXShellScriptBuildPhase section */
		6631F152186F18ED00C6E1AC /* ShellScript */ = {
			isa = PBXShellScriptBuildPhase;
			buildActionMask = 2147483647;
			files = (
			);
			inputPaths = (
			);
			outputPaths = (
			);
			runOnlyForDeploymentPostprocessing = 0;
			shellPath = /bin/sh;
			shellScript = "##########################################\n#\n# c.f. http://stackoverflow.com/questions/3520977/build-fat-static-library-device-simulator-using-xcode-and-sdk-4\n#\n# Version 2.7\n#\n# Latest Change:\n# - Supports iPhone 5 / iPod Touch 5 (uses Apple's workaround to lipo bug)\n# \n# Purpose:\n#   Automatically create a Universal static library for iPhone + iPad + iPhone Simulator from within XCode\n#\n# Author: Adam Martin - http://twitter.com/redglassesapps\n# Based on: original script from Eonil (main changes: Eonil's script WILL NOT WORK in Xcode GUI - it WILL CRASH YOUR COMPUTER)\n#\n\nset -e\nset -o pipefail\n\n#################[ Tests: helps workaround any future bugs in Xcode ]########\n#\nDEBUG_THIS_SCRIPT=\"false\"\n\nif [ $DEBUG_THIS_SCRIPT = \"true\" ]\nthen\necho \"########### TESTS #############\"\necho \"Use the following variables when debugging this script; note that they may change on recursions\"\necho \"BUILD_DIR = $BUILD_DIR\"\necho \"BUILD_ROOT = $BUILD_ROOT\"\necho \"CONFIGURATION_BUILD_DIR = $CONFIGURATION_BUILD_DIR\"\necho \"BUILT_PRODUCTS_DIR = $BUILT_PRODUCTS_DIR\"\necho \"CONFIGURATION_TEMP_DIR = $CONFIGURATION_TEMP_DIR\"\necho \"TARGET_BUILD_DIR = $TARGET_BUILD_DIR\"\nfi\n\n#####################[ part 1 ]##################\n# First, work out the BASESDK version number (NB: Apple ought to report this, but they hide it)\n#    (incidental: searching for substrings in sh is a nightmare! Sob)\n\nSDK_VERSION=$(echo ${SDK_NAME} | grep -o '.\\{3\\}$')\n\n# Next, work out if we're in SIM or DEVICE\n\nif [ ${PLATFORM_NAME} = \"iphonesimulator\" ]\nthen\nOTHER_SDK_TO_BUILD=iphoneos${SDK_VERSION}\nelse\nOTHER_SDK_TO_BUILD=iphonesimulator${SDK_VERSION}\nfi\n\necho \"XCode has selected SDK: ${PLATFORM_NAME} with version: ${SDK_VERSION} (although back-targetting: ${IPHONEOS_DEPLOYMENT_TARGET})\"\necho \"...therefore, OTHER_SDK_TO_BUILD = ${OTHER_SDK_TO_BUILD}\"\n#\n#####################[ end of part 1 ]##################\n\n#####################[ part 2 ]##################\n#\n# IF this is the original invocation, invoke WHATEVER other builds are required\n#\n# Xcode is already building ONE target...\n#\n# ...but this is a LIBRARY, so Apple is wrong to set it to build just one.\n# ...we need to build ALL targets\n# ...we MUST NOT re-build the target that is ALREADY being built: Xcode WILL CRASH YOUR COMPUTER if you try this (infinite recursion!)\n#\n#\n# So: build ONLY the missing platforms/configurations.\n\nif [ \"true\" == ${ALREADYINVOKED:-false} ]\nthen\necho \"RECURSION: I am NOT the root invocation, so I'm NOT going to recurse\"\nelse\n# CRITICAL:\n# Prevent infinite recursion (Xcode sucks)\nexport ALREADYINVOKED=\"true\"\n\necho \"RECURSION: I am the root ... recursing all missing build targets NOW...\"\necho \"RECURSION: ...about to invoke: xcodebuild -configuration \\\"${CONFIGURATION}\\\" -project \\\"${PROJECT_NAME}.xcodeproj\\\" -target \\\"${TARGET_NAME}\\\" -sdk \\\"${OTHER_SDK_TO_BUILD}\\\" ${ACTION} RUN_CLANG_STATIC_ANALYZER=NO\" BUILD_DIR=\\\"${BUILD_DIR}\\\" BUILD_ROOT=\\\"${BUILD_ROOT}\\\" SYMROOT=\\\"${SYMROOT}\\\"\n\nxcodebuild -configuration \"${CONFIGURATION}\" -project \"${PROJECT_NAME}.xcodeproj\" -target \"${TARGET_NAME}\" -sdk \"${OTHER_SDK_TO_BUILD}\" ${ACTION} RUN_CLANG_STATIC_ANALYZER=NO BUILD_DIR=\"${BUILD_DIR}\" BUILD_ROOT=\"${BUILD_ROOT}\" SYMROOT=\"${SYMROOT}\"\n\nACTION=\"build\"\n\n#Merge all platform binaries as a fat binary for each configurations.\n\n# Calculate where the (multiple) built files are coming from:\nCURRENTCONFIG_DEVICE_DIR=${SYMROOT}/${CONFIGURATION}-iphoneos\nCURRENTCONFIG_SIMULATOR_DIR=${SYMROOT}/${CONFIGURATION}-iphonesimulator\n\necho \"Taking device build from: ${CURRENTCONFIG_DEVICE_DIR}\"\necho \"Taking simulator build from: ${CURRENTCONFIG_SIMULATOR_DIR}\"\n\nCREATING_UNIVERSAL_DIR=${SYMROOT}/${CONFIGURATION}-universal\necho \"...I will output a universal build to: ${CREATING_UNIVERSAL_DIR}\"\n\n# ... remove the products of previous runs of this script\n#      NB: this directory is ONLY created by this script - it should be safe to delete!\n\nrm -rf \"${CREATING_UNIVERSAL_DIR}\"\nmkdir \"${CREATING_UNIVERSAL_DIR}\"\n\n#\necho \"lipo: for current configuration (${CONFIGURATION}) creating output file: ${CREATING_UNIVERSAL_DIR}/${EXECUTABLE_NAME}\"\nxcrun -sdk iphoneos lipo -create -output \"${CREATING_UNIVERSAL_DIR}/${EXECUTABLE_NAME}\" \"${CURRENTCONFIG_DEVICE_DIR}/${EXECUTABLE_NAME}\" \"${CURRENTCONFIG_SIMULATOR_DIR}/${EXECUTABLE_NAME}\"\n\n#########\n#\n# Added: StackOverflow suggestion to also copy \"include\" files\n#    (untested, but should work OK)\n#\necho \"Fetching headers from ${PUBLIC_HEADERS_FOLDER_PATH}\"\necho \"  (if you embed your library project in another project, you will need to add\"\necho \"   a \"User Search Headers\" build setting of: (NB INCLUDE THE DOUBLE QUOTES BELOW!)\"\necho '        \"$(TARGET_BUILD_DIR)/usr/local/include/\"'\nif [ -d \"${CURRENTCONFIG_DEVICE_DIR}${PUBLIC_HEADERS_FOLDER_PATH}\" ]\nthen\nmkdir -p \"${CREATING_UNIVERSAL_DIR}${PUBLIC_HEADERS_FOLDER_PATH}\"\n# * needs to be outside the double quotes?\ncp -r \"${CURRENTCONFIG_DEVICE_DIR}${PUBLIC_HEADERS_FOLDER_PATH}\"* \"${CREATING_UNIVERSAL_DIR}${PUBLIC_HEADERS_FOLDER_PATH}\"\nfi\nfi\n";
			showEnvVarsInLog = 0;
		};
/* End PBXShellScriptBuildPhase section */

/* Begin PBXSourcesBuildPhase section */
		66141C8F185E426F00712C78 /* Sources */ = {
			isa = PBXSourcesBuildPhase;
			buildActionMask = 2147483647;
			files = (
				66141C9E185E426F00712C78 /* Artemis_Lib.m in Sources */,
				66141CD6185E429600712C78 /* ArtemisAspect.m in Sources */,
				66141CF7185E6CA800712C78 /* Velocity.m in Sources */,
				66141CD8185E429600712C78 /* ArtemisBitSet.m in Sources */,
				66141CDF185E429600712C78 /* ArtemisEntitySystem.m in Sources */,
				66141CE1185E429600712C78 /* ArtemisWorld.m in Sources */,
				66141CD7185E429600712C78 /* ArtemisBag.m in Sources */,
				66141CEA185E5AE300712C78 /* ArtemisComponentMapper.m in Sources */,
				66141CDC185E429600712C78 /* ArtemisEntity.m in Sources */,
				66141CE7185E58E600712C78 /* Position.m in Sources */,
				66141CD9185E429600712C78 /* ArtemisComponent.m in Sources */,
				66141CE0185E429600712C78 /* ArtemisManager.m in Sources */,
				66141CF4185E6BBA00712C78 /* MovementSystem.m in Sources */,
				66141CDA185E429600712C78 /* ArtemisComponentManager.m in Sources */,
				66141CF1185E69FF00712C78 /* ArtemisEntityProcessingSystem.m in Sources */,
				66141CDB185E429600712C78 /* ArtemisComponentType.m in Sources */,
				66141CDD185E429600712C78 /* ArtemisEntityManager.m in Sources */,
			);
			runOnlyForDeploymentPostprocessing = 0;
		};
		66141C9F185E426F00712C78 /* Sources */ = {
			isa = PBXSourcesBuildPhase;
			buildActionMask = 2147483647;
			files = (
				66141CB3185E426F00712C78 /* Artemis_LibTests.m in Sources */,
				66141CED185E681E00712C78 /* ArtemisHelloWorld.m in Sources */,
				66141CFC185E710400712C78 /* XCTAsyncTestCase.m in Sources */,
			);
			runOnlyForDeploymentPostprocessing = 0;
		};
/* End PBXSourcesBuildPhase section */

/* Begin PBXTargetDependency section */
		66141CAA185E426F00712C78 /* PBXTargetDependency */ = {
			isa = PBXTargetDependency;
			target = 66141C92185E426F00712C78 /* Artemis-Lib */;
			targetProxy = 66141CA9185E426F00712C78 /* PBXContainerItemProxy */;
		};
/* End PBXTargetDependency section */

/* Begin PBXVariantGroup section */
		66141CAF185E426F00712C78 /* InfoPlist.strings */ = {
			isa = PBXVariantGroup;
			children = (
				66141CB0185E426F00712C78 /* en */,
			);
			name = InfoPlist.strings;
			sourceTree = "<group>";
		};
/* End PBXVariantGroup section */

/* Begin XCBuildConfiguration section */
		66141CB4185E426F00712C78 /* Debug */ = {
			isa = XCBuildConfiguration;
			buildSettings = {
				ALWAYS_SEARCH_USER_PATHS = NO;
				ARCHS = "$(ARCHS_STANDARD_INCLUDING_64_BIT)";
				CLANG_CXX_LANGUAGE_STANDARD = "gnu++0x";
				CLANG_CXX_LIBRARY = "libc++";
				CLANG_ENABLE_MODULES = YES;
				CLANG_WARN_BOOL_CONVERSION = YES;
				CLANG_WARN_CONSTANT_CONVERSION = YES;
				CLANG_WARN_DIRECT_OBJC_ISA_USAGE = YES_ERROR;
				CLANG_WARN_EMPTY_BODY = YES;
				CLANG_WARN_ENUM_CONVERSION = YES;
				CLANG_WARN_INT_CONVERSION = YES;
				CLANG_WARN_OBJC_ROOT_CLASS = YES_ERROR;
				CLANG_WARN__DUPLICATE_METHOD_MATCH = YES;
				COPY_PHASE_STRIP = NO;
				GCC_C_LANGUAGE_STANDARD = gnu99;
				GCC_DYNAMIC_NO_PIC = NO;
				GCC_OPTIMIZATION_LEVEL = 0;
				GCC_PREPROCESSOR_DEFINITIONS = (
					"DEBUG=1",
					"$(inherited)",
				);
				GCC_SYMBOLS_PRIVATE_EXTERN = NO;
				GCC_WARN_64_TO_32_BIT_CONVERSION = YES;
				GCC_WARN_ABOUT_RETURN_TYPE = YES_ERROR;
				GCC_WARN_UNDECLARED_SELECTOR = YES;
				GCC_WARN_UNINITIALIZED_AUTOS = YES;
				GCC_WARN_UNUSED_FUNCTION = YES;
				GCC_WARN_UNUSED_VARIABLE = YES;
				IPHONEOS_DEPLOYMENT_TARGET = 7.0;
				ONLY_ACTIVE_ARCH = YES;
				SDKROOT = iphoneos;
			};
			name = Debug;
		};
		66141CB5185E426F00712C78 /* Release */ = {
			isa = XCBuildConfiguration;
			buildSettings = {
				ALWAYS_SEARCH_USER_PATHS = NO;
				ARCHS = "$(ARCHS_STANDARD_INCLUDING_64_BIT)";
				CLANG_CXX_LANGUAGE_STANDARD = "gnu++0x";
				CLANG_CXX_LIBRARY = "libc++";
				CLANG_ENABLE_MODULES = YES;
				CLANG_WARN_BOOL_CONVERSION = YES;
				CLANG_WARN_CONSTANT_CONVERSION = YES;
				CLANG_WARN_DIRECT_OBJC_ISA_USAGE = YES_ERROR;
				CLANG_WARN_EMPTY_BODY = YES;
				CLANG_WARN_ENUM_CONVERSION = YES;
				CLANG_WARN_INT_CONVERSION = YES;
				CLANG_WARN_OBJC_ROOT_CLASS = YES_ERROR;
				CLANG_WARN__DUPLICATE_METHOD_MATCH = YES;
				COPY_PHASE_STRIP = YES;
				ENABLE_NS_ASSERTIONS = NO;
				GCC_C_LANGUAGE_STANDARD = gnu99;
				GCC_WARN_64_TO_32_BIT_CONVERSION = YES;
				GCC_WARN_ABOUT_RETURN_TYPE = YES_ERROR;
				GCC_WARN_UNDECLARED_SELECTOR = YES;
				GCC_WARN_UNINITIALIZED_AUTOS = YES;
				GCC_WARN_UNUSED_FUNCTION = YES;
				GCC_WARN_UNUSED_VARIABLE = YES;
				IPHONEOS_DEPLOYMENT_TARGET = 7.0;
				SDKROOT = iphoneos;
				VALIDATE_PRODUCT = YES;
			};
			name = Release;
		};
		66141CB7185E426F00712C78 /* Debug */ = {
			isa = XCBuildConfiguration;
			buildSettings = {
				DSTROOT = /tmp/Artemis_Lib.dst;
				GCC_PRECOMPILE_PREFIX_HEADER = YES;
				GCC_PREFIX_HEADER = "Artemis-Lib/Artemis-Lib-Prefix.pch";
				OTHER_LDFLAGS = "-ObjC";
				PRODUCT_NAME = "$(TARGET_NAME)";
				SKIP_INSTALL = YES;
			};
			name = Debug;
		};
		66141CB8185E426F00712C78 /* Release */ = {
			isa = XCBuildConfiguration;
			buildSettings = {
				DSTROOT = /tmp/Artemis_Lib.dst;
				GCC_PRECOMPILE_PREFIX_HEADER = YES;
				GCC_PREFIX_HEADER = "Artemis-Lib/Artemis-Lib-Prefix.pch";
				OTHER_LDFLAGS = "-ObjC";
				PRODUCT_NAME = "$(TARGET_NAME)";
				SKIP_INSTALL = YES;
			};
			name = Release;
		};
		66141CBA185E426F00712C78 /* Debug */ = {
			isa = XCBuildConfiguration;
			buildSettings = {
				ARCHS = "$(ARCHS_STANDARD_INCLUDING_64_BIT)";
				FRAMEWORK_SEARCH_PATHS = (
					"$(SDKROOT)/Developer/Library/Frameworks",
					"$(inherited)",
					"$(DEVELOPER_FRAMEWORKS_DIR)",
				);
				GCC_PRECOMPILE_PREFIX_HEADER = YES;
				GCC_PREFIX_HEADER = "Artemis-Lib/Artemis-Lib-Prefix.pch";
				GCC_PREPROCESSOR_DEFINITIONS = (
					"DEBUG=1",
					"$(inherited)",
				);
				INFOPLIST_FILE = "Artemis-LibTests/Artemis-LibTests-Info.plist";
				PRODUCT_NAME = "$(TARGET_NAME)";
				WRAPPER_EXTENSION = xctest;
			};
			name = Debug;
		};
		66141CBB185E426F00712C78 /* Release */ = {
			isa = XCBuildConfiguration;
			buildSettings = {
				ARCHS = "$(ARCHS_STANDARD_INCLUDING_64_BIT)";
				FRAMEWORK_SEARCH_PATHS = (
					"$(SDKROOT)/Developer/Library/Frameworks",
					"$(inherited)",
					"$(DEVELOPER_FRAMEWORKS_DIR)",
				);
				GCC_PRECOMPILE_PREFIX_HEADER = YES;
				GCC_PREFIX_HEADER = "Artemis-Lib/Artemis-Lib-Prefix.pch";
				INFOPLIST_FILE = "Artemis-LibTests/Artemis-LibTests-Info.plist";
				PRODUCT_NAME = "$(TARGET_NAME)";
				WRAPPER_EXTENSION = xctest;
			};
			name = Release;
		};
/* End XCBuildConfiguration section */

/* Begin XCConfigurationList section */
		66141C8E185E426F00712C78 /* Build configuration list for PBXProject "Artemis-Lib" */ = {
			isa = XCConfigurationList;
			buildConfigurations = (
				66141CB4185E426F00712C78 /* Debug */,
				66141CB5185E426F00712C78 /* Release */,
			);
			defaultConfigurationIsVisible = 0;
			defaultConfigurationName = Release;
		};
		66141CB6185E426F00712C78 /* Build configuration list for PBXNativeTarget "Artemis-Lib" */ = {
			isa = XCConfigurationList;
			buildConfigurations = (
				66141CB7185E426F00712C78 /* Debug */,
				66141CB8185E426F00712C78 /* Release */,
			);
			defaultConfigurationIsVisible = 0;
			defaultConfigurationName = Release;
		};
		66141CB9185E426F00712C78 /* Build configuration list for PBXNativeTarget "Artemis-LibTests" */ = {
			isa = XCConfigurationList;
			buildConfigurations = (
				66141CBA185E426F00712C78 /* Debug */,
				66141CBB185E426F00712C78 /* Release */,
			);
			defaultConfigurationIsVisible = 0;
			defaultConfigurationName = Release;
		};
/* End XCConfigurationList section */
	};
	rootObject = 66141C8B185E426F00712C78 /* Project object */;
}
